// !$*UTF8*$!
{
	archiveVersion = 1;
	classes = {
	};
	objectVersion = 48;
	objects = {

/* Begin PBXBuildFile section */
		6B2166AC170DF48520D03ACD /* Pods_NativeMixRN.framework in Frameworks */ = {isa = PBXBuildFile; fileRef = D60FB8ACA1D16219E90D93F3 /* Pods_NativeMixRN.framework */; };
		A39F0393201C5BF50016864E /* RNNextViewController.m in Sources */ = {isa = PBXBuildFile; fileRef = A39F0392201C5BF50016864E /* RNNextViewController.m */; };
		A39F0396201C5DC80016864E /* ActMixViewController.m in Sources */ = {isa = PBXBuildFile; fileRef = A39F0395201C5DC80016864E /* ActMixViewController.m */; };
		A39F7DF9201C2A6900D378ED /* AppDelegate.m in Sources */ = {isa = PBXBuildFile; fileRef = A39F7DF8201C2A6900D378ED /* AppDelegate.m */; };
		A39F7DFC201C2A6900D378ED /* ViewController.m in Sources */ = {isa = PBXBuildFile; fileRef = A39F7DFB201C2A6900D378ED /* ViewController.m */; };
		A39F7DFF201C2A6900D378ED /* Main.storyboard in Resources */ = {isa = PBXBuildFile; fileRef = A39F7DFD201C2A6900D378ED /* Main.storyboard */; };
		A39F7E01201C2A6900D378ED /* Assets.xcassets in Resources */ = {isa = PBXBuildFile; fileRef = A39F7E00201C2A6900D378ED /* Assets.xcassets */; };
		A39F7E04201C2A6900D378ED /* LaunchScreen.storyboard in Resources */ = {isa = PBXBuildFile; fileRef = A39F7E02201C2A6900D378ED /* LaunchScreen.storyboard */; };
		A39F7E07201C2A6900D378ED /* main.m in Sources */ = {isa = PBXBuildFile; fileRef = A39F7E06201C2A6900D378ED /* main.m */; };
		A3C6FC69201C67D4009BF0C4 /* RNBridgeModule.m in Sources */ = {isa = PBXBuildFile; fileRef = A3C6FC68201C67D4009BF0C4 /* RNBridgeModule.m */; };
/* End PBXBuildFile section */

/* Begin PBXFileReference section */
		A39F0391201C5BF50016864E /* RNNextViewController.h */ = {isa = PBXFileReference; lastKnownFileType = sourcecode.c.h; path = RNNextViewController.h; sourceTree = "<group>"; };
		A39F0392201C5BF50016864E /* RNNextViewController.m */ = {isa = PBXFileReference; lastKnownFileType = sourcecode.c.objc; path = RNNextViewController.m; sourceTree = "<group>"; };
		A39F0394201C5DC80016864E /* ActMixViewController.h */ = {isa = PBXFileReference; lastKnownFileType = sourcecode.c.h; path = ActMixViewController.h; sourceTree = "<group>"; };
		A39F0395201C5DC80016864E /* ActMixViewController.m */ = {isa = PBXFileReference; lastKnownFileType = sourcecode.c.objc; path = ActMixViewController.m; sourceTree = "<group>"; };
		A39F7DF4201C2A6900D378ED /* NativeMixRN.app */ = {isa = PBXFileReference; explicitFileType = wrapper.application; includeInIndex = 0; path = NativeMixRN.app; sourceTree = BUILT_PRODUCTS_DIR; };
		A39F7DF7201C2A6900D378ED /* AppDelegate.h */ = {isa = PBXFileReference; lastKnownFileType = sourcecode.c.h; path = AppDelegate.h; sourceTree = "<group>"; };
		A39F7DF8201C2A6900D378ED /* AppDelegate.m */ = {isa = PBXFileReference; lastKnownFileType = sourcecode.c.objc; path = AppDelegate.m; sourceTree = "<group>"; };
		A39F7DFA201C2A6900D378ED /* ViewController.h */ = {isa = PBXFileReference; lastKnownFileType = sourcecode.c.h; path = ViewController.h; sourceTree = "<group>"; };
		A39F7DFB201C2A6900D378ED /* ViewController.m */ = {isa = PBXFileReference; lastKnownFileType = sourcecode.c.objc; path = ViewController.m; sourceTree = "<group>"; };
		A39F7DFE201C2A6900D378ED /* Base */ = {isa = PBXFileReference; lastKnownFileType = file.storyboard; name = Base; path = Base.lproj/Main.storyboard; sourceTree = "<group>"; };
		A39F7E00201C2A6900D378ED /* Assets.xcassets */ = {isa = PBXFileReference; lastKnownFileType = folder.assetcatalog; path = Assets.xcassets; sourceTree = "<group>"; };
		A39F7E03201C2A6900D378ED /* Base */ = {isa = PBXFileReference; lastKnownFileType = file.storyboard; name = Base; path = Base.lproj/LaunchScreen.storyboard; sourceTree = "<group>"; };
		A39F7E05201C2A6900D378ED /* Info.plist */ = {isa = PBXFileReference; lastKnownFileType = text.plist.xml; path = Info.plist; sourceTree = "<group>"; };
		A39F7E06201C2A6900D378ED /* main.m */ = {isa = PBXFileReference; lastKnownFileType = sourcecode.c.objc; path = main.m; sourceTree = "<group>"; };
		A3C6FC67201C67CE009BF0C4 /* RNBridgeModule.h */ = {isa = PBXFileReference; fileEncoding = 4; lastKnownFileType = sourcecode.c.h; path = RNBridgeModule.h; sourceTree = "<group>"; };
		A3C6FC68201C67D4009BF0C4 /* RNBridgeModule.m */ = {isa = PBXFileReference; fileEncoding = 4; lastKnownFileType = sourcecode.c.objc; path = RNBridgeModule.m; sourceTree = "<group>"; };
		A6AF6E677C963092250FDFA5 /* Pods-NativeMixRN.release.xcconfig */ = {isa = PBXFileReference; includeInIndex = 1; lastKnownFileType = text.xcconfig; name = "Pods-NativeMixRN.release.xcconfig"; path = "Pods/Target Support Files/Pods-NativeMixRN/Pods-NativeMixRN.release.xcconfig"; sourceTree = "<group>"; };
		D60FB8ACA1D16219E90D93F3 /* Pods_NativeMixRN.framework */ = {isa = PBXFileReference; explicitFileType = wrapper.framework; includeInIndex = 0; path = Pods_NativeMixRN.framework; sourceTree = BUILT_PRODUCTS_DIR; };
		F1A1CD9D8072530C5D2742C9 /* Pods-NativeMixRN.debug.xcconfig */ = {isa = PBXFileReference; includeInIndex = 1; lastKnownFileType = text.xcconfig; name = "Pods-NativeMixRN.debug.xcconfig"; path = "Pods/Target Support Files/Pods-NativeMixRN/Pods-NativeMixRN.debug.xcconfig"; sourceTree = "<group>"; };
/* End PBXFileReference section */

/* Begin PBXFrameworksBuildPhase section */
		A39F7DF1201C2A6900D378ED /* Frameworks */ = {
			isa = PBXFrameworksBuildPhase;
			buildActionMask = 2147483647;
			files = (
				6B2166AC170DF48520D03ACD /* Pods_NativeMixRN.framework in Frameworks */,
			);
			runOnlyForDeploymentPostprocessing = 0;
		};
/* End PBXFrameworksBuildPhase section */

/* Begin PBXGroup section */
		A39F7DEB201C2A6900D378ED = {
			isa = PBXGroup;
			children = (
				A39F7DF6201C2A6900D378ED /* NativeMixRN */,
				A39F7DF5201C2A6900D378ED /* Products */,
				D516D6DFB7FDDAB979828BD3 /* Pods */,
				FBFE94F0A784CF03ACA7BFF3 /* Frameworks */,
			);
			sourceTree = "<group>";
		};
		A39F7DF5201C2A6900D378ED /* Products */ = {
			isa = PBXGroup;
			children = (
				A39F7DF4201C2A6900D378ED /* NativeMixRN.app */,
			);
			name = Products;
			sourceTree = "<group>";
		};
		A39F7DF6201C2A6900D378ED /* NativeMixRN */ = {
			isa = PBXGroup;
			children = (
				A39F7DF7201C2A6900D378ED /* AppDelegate.h */,
				A39F7DF8201C2A6900D378ED /* AppDelegate.m */,
				A39F7DFA201C2A6900D378ED /* ViewController.h */,
				A39F7DFB201C2A6900D378ED /* ViewController.m */,
				A39F0391201C5BF50016864E /* RNNextViewController.h */,
				A39F0392201C5BF50016864E /* RNNextViewController.m */,
				A3C6FC67201C67CE009BF0C4 /* RNBridgeModule.h */,
				A3C6FC68201C67D4009BF0C4 /* RNBridgeModule.m */,
				A39F0394201C5DC80016864E /* ActMixViewController.h */,
				A39F0395201C5DC80016864E /* ActMixViewController.m */,
				A39F7DFD201C2A6900D378ED /* Main.storyboard */,
				A39F7E00201C2A6900D378ED /* Assets.xcassets */,
				A39F7E02201C2A6900D378ED /* LaunchScreen.storyboard */,
				A39F7E05201C2A6900D378ED /* Info.plist */,
				A39F7E06201C2A6900D378ED /* main.m */,
			);
			path = NativeMixRN;
			sourceTree = "<group>";
		};
		D516D6DFB7FDDAB979828BD3 /* Pods */ = {
			isa = PBXGroup;
			children = (
				F1A1CD9D8072530C5D2742C9 /* Pods-NativeMixRN.debug.xcconfig */,
				A6AF6E677C963092250FDFA5 /* Pods-NativeMixRN.release.xcconfig */,
			);
			name = Pods;
			sourceTree = "<group>";
		};
		FBFE94F0A784CF03ACA7BFF3 /* Frameworks */ = {
			isa = PBXGroup;
			children = (
				D60FB8ACA1D16219E90D93F3 /* Pods_NativeMixRN.framework */,
			);
			name = Frameworks;
			sourceTree = "<group>";
		};
/* End PBXGroup section */

/* Begin PBXNativeTarget section */
		A39F7DF3201C2A6900D378ED /* NativeMixRN */ = {
			isa = PBXNativeTarget;
			buildConfigurationList = A39F7E0A201C2A6900D378ED /* Build configuration list for PBXNativeTarget "NativeMixRN" */;
			buildPhases = (
				CA3F12D88A3F83A9EEAD4848 /* [CP] Check Pods Manifest.lock */,
				A39F7DF0201C2A6900D378ED /* Sources */,
				A39F7DF1201C2A6900D378ED /* Frameworks */,
				A39F7DF2201C2A6900D378ED /* Resources */,
				9DABDA5F786D136A669E84CC /* [CP] Embed Pods Frameworks */,
				0DEFCC7D4869212AE095057E /* [CP] Copy Pods Resources */,
			);
			buildRules = (
			);
			dependencies = (
			);
			name = NativeMixRN;
			productName = NativeMixRN;
			productReference = A39F7DF4201C2A6900D378ED /* NativeMixRN.app */;
			productType = "com.apple.product-type.application";
		};
/* End PBXNativeTarget section */

/* Begin PBXProject section */
		A39F7DEC201C2A6900D378ED /* Project object */ = {
			isa = PBXProject;
			attributes = {
				LastUpgradeCheck = 0920;
				ORGANIZATIONNAME = "张三弓";
				TargetAttributes = {
					A39F7DF3201C2A6900D378ED = {
						CreatedOnToolsVersion = 9.2;
						ProvisioningStyle = Automatic;
					};
				};
			};
			buildConfigurationList = A39F7DEF201C2A6900D378ED /* Build configuration list for PBXProject "NativeMixRN" */;
			compatibilityVersion = "Xcode 8.0";
			developmentRegion = en;
			hasScannedForEncodings = 0;
			knownRegions = (
				en,
				Base,
			);
			mainGroup = A39F7DEB201C2A6900D378ED;
			productRefGroup = A39F7DF5201C2A6900D378ED /* Products */;
			projectDirPath = "";
			projectRoot = "";
			targets = (
				A39F7DF3201C2A6900D378ED /* NativeMixRN */,
			);
		};
/* End PBXProject section */

/* Begin PBXResourcesBuildPhase section */
		A39F7DF2201C2A6900D378ED /* Resources */ = {
			isa = PBXResourcesBuildPhase;
			buildActionMask = 2147483647;
			files = (
				A39F7E04201C2A6900D378ED /* LaunchScreen.storyboard in Resources */,
				A39F7E01201C2A6900D378ED /* Assets.xcassets in Resources */,
				A39F7DFF201C2A6900D378ED /* Main.storyboard in Resources */,
			);
			runOnlyForDeploymentPostprocessing = 0;
		};
/* End PBXResourcesBuildPhase section */

/* Begin PBXShellScriptBuildPhase section */
		0DEFCC7D4869212AE095057E /* [CP] Copy Pods Resources */ = {
			isa = PBXShellScriptBuildPhase;
			buildActionMask = 2147483647;
			files = (
			);
			inputPaths = (
			);
			name = "[CP] Copy Pods Resources";
			outputPaths = (
			);
			runOnlyForDeploymentPostprocessing = 0;
			shellPath = /bin/sh;
			shellScript = "\"${SRCROOT}/Pods/Target Support Files/Pods-NativeMixRN/Pods-NativeMixRN-resources.sh\"\n";
			showEnvVarsInLog = 0;
		};
		9DABDA5F786D136A669E84CC /* [CP] Embed Pods Frameworks */ = {
			isa = PBXShellScriptBuildPhase;
			buildActionMask = 2147483647;
			files = (
			);
			inputPaths = (
				"${SRCROOT}/Pods/Target Support Files/Pods-NativeMixRN/Pods-NativeMixRN-frameworks.sh",
				"${BUILT_PRODUCTS_DIR}/React/React.framework",
				"${BUILT_PRODUCTS_DIR}/yoga/yoga.framework",
			);
			name = "[CP] Embed Pods Frameworks";
			outputPaths = (
				"${TARGET_BUILD_DIR}/${FRAMEWORKS_FOLDER_PATH}/React.framework",
				"${TARGET_BUILD_DIR}/${FRAMEWORKS_FOLDER_PATH}/yoga.framework",
			);
			runOnlyForDeploymentPostprocessing = 0;
			shellPath = /bin/sh;
			shellScript = "\"${SRCROOT}/Pods/Target Support Files/Pods-NativeMixRN/Pods-NativeMixRN-frameworks.sh\"\n";
			showEnvVarsInLog = 0;
		};
		CA3F12D88A3F83A9EEAD4848 /* [CP] Check Pods Manifest.lock */ = {
			isa = PBXShellScriptBuildPhase;
			buildActionMask = 2147483647;
			files = (
			);
			inputPaths = (
				"${PODS_PODFILE_DIR_PATH}/Podfile.lock",
				"${PODS_ROOT}/Manifest.lock",
			);
			name = "[CP] Check Pods Manifest.lock";
			outputPaths = (
				"$(DERIVED_FILE_DIR)/Pods-NativeMixRN-checkManifestLockResult.txt",
			);
			runOnlyForDeploymentPostprocessing = 0;
			shellPath = /bin/sh;
			shellScript = "diff \"${PODS_PODFILE_DIR_PATH}/Podfile.lock\" \"${PODS_ROOT}/Manifest.lock\" > /dev/null\nif [ $? != 0 ] ; then\n    # print error to STDERR\n    echo \"error: The sandbox is not in sync with the Podfile.lock. Run 'pod install' or update your CocoaPods installation.\" >&2\n    exit 1\nfi\n# This output is used by Xcode 'outputs' to avoid re-running this script phase.\necho \"SUCCESS\" > \"${SCRIPT_OUTPUT_FILE_0}\"\n";
			showEnvVarsInLog = 0;
		};
/* End PBXShellScriptBuildPhase section */

/* Begin PBXSourcesBuildPhase section */
		A39F7DF0201C2A6900D378ED /* Sources */ = {
			isa = PBXSourcesBuildPhase;
			buildActionMask = 2147483647;
			files = (
				A39F7DFC201C2A6900D378ED /* ViewController.m in Sources */,
				A39F7E07201C2A6900D378ED /* main.m in Sources */,
				A3C6FC69201C67D4009BF0C4 /* RNBridgeModule.m in Sources */,
				A39F7DF9201C2A6900D378ED /* AppDelegate.m in Sources */,
				A39F0393201C5BF50016864E /* RNNextViewController.m in Sources */,
				A39F0396201C5DC80016864E /* ActMixViewController.m in Sources */,
			);
			runOnlyForDeploymentPostprocessing = 0;
		};
/* End PBXSourcesBuildPhase section */

/* Begin PBXVariantGroup section */
		A39F7DFD201C2A6900D378ED /* Main.storyboard */ = {
			isa = PBXVariantGroup;
			children = (
				A39F7DFE201C2A6900D378ED /* Base */,
			);
			name = Main.storyboard;
			sourceTree = "<group>";
		};
		A39F7E02201C2A6900D378ED /* LaunchScreen.storyboard */ = {
			isa = PBXVariantGroup;
			children = (
				A39F7E03201C2A6900D378ED /* Base */,
			);
			name = LaunchScreen.storyboard;
			sourceTree = "<group>";
		};
/* End PBXVariantGroup section */

/* Begin XCBuildConfiguration section */
		A39F7E08201C2A6900D378ED /* Debug */ = {
			isa = XCBuildConfiguration;
			buildSettings = {
				ALWAYS_SEARCH_USER_PATHS = NO;
				CLANG_ANALYZER_NONNULL = YES;
				CLANG_ANALYZER_NUMBER_OBJECT_CONVERSION = YES_AGGRESSIVE;
				CLANG_CXX_LANGUAGE_STANDARD = "gnu++14";
				CLANG_CXX_LIBRARY = "libc++";
				CLANG_ENABLE_MODULES = YES;
				CLANG_ENABLE_OBJC_ARC = YES;
				CLANG_WARN_BLOCK_CAPTURE_AUTORELEASING = YES;
				CLANG_WARN_BOOL_CONVERSION = YES;
				CLANG_WARN_COMMA = YES;
				CLANG_WARN_CONSTANT_CONVERSION = YES;
				CLANG_WARN_DIRECT_OBJC_ISA_USAGE = YES_ERROR;
				CLANG_WARN_DOCUMENTATION_COMMENTS = YES;
				CLANG_WARN_EMPTY_BODY = YES;
				CLANG_WARN_ENUM_CONVERSION = YES;
				CLANG_WARN_INFINITE_RECURSION = YES;
				CLANG_WARN_INT_CONVERSION = YES;
				CLANG_WARN_NON_LITERAL_NULL_CONVERSION = YES;
				CLANG_WARN_OBJC_LITERAL_CONVERSION = YES;
				CLANG_WARN_OBJC_ROOT_CLASS = YES_ERROR;
				CLANG_WARN_RANGE_LOOP_ANALYSIS = YES;
				CLANG_WARN_STRICT_PROTOTYPES = YES;
				CLANG_WARN_SUSPICIOUS_MOVE = YES;
				CLANG_WARN_UNGUARDED_AVAILABILITY = YES_AGGRESSIVE;
				CLANG_WARN_UNREACHABLE_CODE = YES;
				CLANG_WARN__DUPLICATE_METHOD_MATCH = YES;
				CODE_SIGN_IDENTITY = "iPhone Developer";
				COPY_PHASE_STRIP = NO;
				DEBUG_INFORMATION_FORMAT = dwarf;
				ENABLE_STRICT_OBJC_MSGSEND = YES;
				ENABLE_TESTABILITY = YES;
				GCC_C_LANGUAGE_STANDARD = gnu11;
				GCC_DYNAMIC_NO_PIC = NO;
				GCC_NO_COMMON_BLOCKS = YES;
				GCC_OPTIMIZATION_LEVEL = 0;
				GCC_PREPROCESSOR_DEFINITIONS = (
					"DEBUG=1",
					"$(inherited)",
				);
				GCC_WARN_64_TO_32_BIT_CONVERSION = YES;
				GCC_WARN_ABOUT_RETURN_TYPE = YES_ERROR;
				GCC_WARN_UNDECLARED_SELECTOR = YES;
				GCC_WARN_UNINITIALIZED_AUTOS = YES_AGGRESSIVE;
				GCC_WARN_UNUSED_FUNCTION = YES;
				GCC_WARN_UNUSED_VARIABLE = YES;
				IPHONEOS_DEPLOYMENT_TARGET = 11.2;
				MTL_ENABLE_DEBUG_INFO = YES;
				ONLY_ACTIVE_ARCH = YES;
				SDKROOT = iphoneos;
			};
			name = Debug;
		};
		A39F7E09201C2A6900D378ED /* Release */ = {
			isa = XCBuildConfiguration;
			buildSettings = {
				ALWAYS_SEARCH_USER_PATHS = NO;
				CLANG_ANALYZER_NONNULL = YES;
				CLANG_ANALYZER_NUMBER_OBJECT_CONVERSION = YES_AGGRESSIVE;
				CLANG_CXX_LANGUAGE_STANDARD = "gnu++14";
				CLANG_CXX_LIBRARY = "libc++";
				CLANG_ENABLE_MODULES = YES;
				CLANG_ENABLE_OBJC_ARC = YES;
				CLANG_WARN_BLOCK_CAPTURE_AUTORELEASING = YES;
				CLANG_WARN_BOOL_CONVERSION = YES;
				CLANG_WARN_COMMA = YES;
				CLANG_WARN_CONSTANT_CONVERSION = YES;
				CLANG_WARN_DIRECT_OBJC_ISA_USAGE = YES_ERROR;
				CLANG_WARN_DOCUMENTATION_COMMENTS = YES;
				CLANG_WARN_EMPTY_BODY = YES;
				CLANG_WARN_ENUM_CONVERSION = YES;
				CLANG_WARN_INFINITE_RECURSION = YES;
				CLANG_WARN_INT_CONVERSION = YES;
				CLANG_WARN_NON_LITERAL_NULL_CONVERSION = YES;
				CLANG_WARN_OBJC_LITERAL_CONVERSION = YES;
				CLANG_WARN_OBJC_ROOT_CLASS = YES_ERROR;
				CLANG_WARN_RANGE_LOOP_ANALYSIS = YES;
				CLANG_WARN_STRICT_PROTOTYPES = YES;
				CLANG_WARN_SUSPICIOUS_MOVE = YES;
				CLANG_WARN_UNGUARDED_AVAILABILITY = YES_AGGRESSIVE;
				CLANG_WARN_UNREACHABLE_CODE = YES;
				CLANG_WARN__DUPLICATE_METHOD_MATCH = YES;
				CODE_SIGN_IDENTITY = "iPhone Developer";
				COPY_PHASE_STRIP = NO;
				DEBUG_INFORMATION_FORMAT = "dwarf-with-dsym";
				ENABLE_NS_ASSERTIONS = NO;
				ENABLE_STRICT_OBJC_MSGSEND = YES;
				GCC_C_LANGUAGE_STANDARD = gnu11;
				GCC_NO_COMMON_BLOCKS = YES;
				GCC_WARN_64_TO_32_BIT_CONVERSION = YES;
				GCC_WARN_ABOUT_RETURN_TYPE = YES_ERROR;
				GCC_WARN_UNDECLARED_SELECTOR = YES;
				GCC_WARN_UNINITIALIZED_AUTOS = YES_AGGRESSIVE;
				GCC_WARN_UNUSED_FUNCTION = YES;
				GCC_WARN_UNUSED_VARIABLE = YES;
				IPHONEOS_DEPLOYMENT_TARGET = 11.2;
				MTL_ENABLE_DEBUG_INFO = NO;
				SDKROOT = iphoneos;
				VALIDATE_PRODUCT = YES;
			};
			name = Release;
		};
		A39F7E0B201C2A6900D378ED /* Debug */ = {
			isa = XCBuildConfiguration;
			baseConfigurationReference = F1A1CD9D8072530C5D2742C9 /* Pods-NativeMixRN.debug.xcconfig */;
			buildSettings = {
				ASSETCATALOG_COMPILER_APPICON_NAME = AppIcon;
				CODE_SIGN_STYLE = Automatic;
				INFOPLIST_FILE = NativeMixRN/Info.plist;
				LD_RUNPATH_SEARCH_PATHS = "$(inherited) @executable_path/Frameworks";
				PRODUCT_BUNDLE_IDENTIFIER = com.pogong.NativeMixRN;
				PRODUCT_NAME = "$(TARGET_NAME)";
				TARGETED_DEVICE_FAMILY = "1,2";
				USER_HEADER_SEARCH_PATHS = "$(PODS_ROOT)/**";
			};
			name = Debug;
		};
		A39F7E0C201C2A6900D378ED /* Release */ = {
			isa = XCBuildConfiguration;
			baseConfigurationReference = A6AF6E677C963092250FDFA5 /* Pods-NativeMixRN.release.xcconfig */;
			buildSettings = {
				ASSETCATALOG_COMPILER_APPICON_NAME = AppIcon;
				CODE_SIGN_STYLE = Automatic;
				INFOPLIST_FILE = NativeMixRN/Info.plist;
				LD_RUNPATH_SEARCH_PATHS = "$(inherited) @executable_path/Frameworks";
				PRODUCT_BUNDLE_IDENTIFIER = com.pogong.NativeMixRN;
				PRODUCT_NAME = "$(TARGET_NAME)";
				TARGETED_DEVICE_FAMILY = "1,2";
				USER_HEADER_SEARCH_PATHS = "$(PODS_ROOT)/**";
			};
			name = Release;
		};
/* End XCBuildConfiguration section */

/* Begin XCConfigurationList section */
		A39F7DEF201C2A6900D378ED /* Build configuration list for PBXProject "NativeMixRN" */ = {
			isa = XCConfigurationList;
			buildConfigurations = (
				A39F7E08201C2A6900D378ED /* Debug */,
				A39F7E09201C2A6900D378ED /* Release */,
			);
			defaultConfigurationIsVisible = 0;
			defaultConfigurationName = Release;
		};
		A39F7E0A201C2A6900D378ED /* Build configuration list for PBXNativeTarget "NativeMixRN" */ = {
			isa = XCConfigurationList;
			buildConfigurations = (
				A39F7E0B201C2A6900D378ED /* Debug */,
				A39F7E0C201C2A6900D378ED /* Release */,
			);
			defaultConfigurationIsVisible = 0;
			defaultConfigurationName = Release;
		};
/* End XCConfigurationList section */
	};
	rootObject = A39F7DEC201C2A6900D378ED /* Project object */;
}
